{
  "object": {
    "pins": [
      {
        "package": "SDWebImage",
        "repositoryURL": "https://github.com/SDWebImage/SDWebImage.git",
        "state": {
          "branch": null,
          "revision": "59730af512c06fb569c119d737df4c1c499e001d",
          "version": "5.18.10"
        }
      }
    ]
  },
  "version": 1
}
